
Microsoft Visual Studio Solution File, Format Version 12.00
# Visual Studio Version 17
VisualStudioVersion = 17.8.34309.116
MinimumVisualStudioVersion = 10.0.40219.1
Project("{9A19103F-16F7-4668-BE54-9A1E7A4F7556}") = "WebLibrary", "WebLibrary\WebLibrary.csproj", "{B43D2656-8A63-4B60-8D9F-28946E3AB0F5}"
EndProject
Project("{9A19103F-16F7-4668-BE54-9A1E7A4F7556}") = "DbModels", "DbModel\DbModels.csproj", "{B3E53092-AC7E-4F0F-8D34-5E0ABB6B57F7}"
EndProject
Project("{9A19103F-16F7-4668-BE54-9A1E7A4F7556}") = "Provider", "Provider\Provider.csproj", "{FDB57C78-A0C6-4D2D-B29A-AD99B6061A9B}"
EndProject
Project("{9A19103F-16F7-4668-BE54-9A1E7A4F7556}") = "LibraryStructure", "LibraryStructure\LibraryStructure.csproj", "{65BE29A8-C246-4F4E-BAF7-B5DB00083310}"
EndProject
Project("{9A19103F-16F7-4668-BE54-9A1E7A4F7556}") = "ServiceModels", "ServiceModels\ServiceModels.csproj", "{931D44ED-E40C-49BA-AD3F-2F9CA926DB75}"
EndProject
Project("{9A19103F-16F7-4668-BE54-9A1E7A4F7556}") = "TestsWebLibraryService", "TestsWebLibraryService\TestsWebLibraryService.csproj", "{87271EAB-A365-4393-8266-DB7246EDB84D}"
EndProject
Project("{FAE04EC0-301F-11D3-BF4B-00C04F79EFBC}") = "WebLibraryService.Backend.Domain", "WebLibraryService.Backend.Domain\WebLibraryService.Backend.Domain.csproj", "{02E95547-EE63-4BCF-92DD-1AB30AA95452}"
EndProject
Global
	GlobalSection(SolutionConfigurationPlatforms) = preSolution
		Debug|Any CPU = Debug|Any CPU
		Release|Any CPU = Release|Any CPU
	EndGlobalSection
	GlobalSection(ProjectConfigurationPlatforms) = postSolution
		{B43D2656-8A63-4B60-8D9F-28946E3AB0F5}.Debug|Any CPU.ActiveCfg = Debug|Any CPU
		{B43D2656-8A63-4B60-8D9F-28946E3AB0F5}.Debug|Any CPU.Build.0 = Debug|Any CPU
		{B43D2656-8A63-4B60-8D9F-28946E3AB0F5}.Release|Any CPU.ActiveCfg = Release|Any CPU
		{B43D2656-8A63-4B60-8D9F-28946E3AB0F5}.Release|Any CPU.Build.0 = Release|Any CPU
		{B3E53092-AC7E-4F0F-8D34-5E0ABB6B57F7}.Debug|Any CPU.ActiveCfg = Debug|Any CPU
		{B3E53092-AC7E-4F0F-8D34-5E0ABB6B57F7}.Debug|Any CPU.Build.0 = Debug|Any CPU
		{B3E53092-AC7E-4F0F-8D34-5E0ABB6B57F7}.Release|Any CPU.ActiveCfg = Release|Any CPU
		{B3E53092-AC7E-4F0F-8D34-5E0ABB6B57F7}.Release|Any CPU.Build.0 = Release|Any CPU
		{FDB57C78-A0C6-4D2D-B29A-AD99B6061A9B}.Debug|Any CPU.ActiveCfg = Debug|Any CPU
		{FDB57C78-A0C6-4D2D-B29A-AD99B6061A9B}.Debug|Any CPU.Build.0 = Debug|Any CPU
		{FDB57C78-A0C6-4D2D-B29A-AD99B6061A9B}.Release|Any CPU.ActiveCfg = Release|Any CPU
		{FDB57C78-A0C6-4D2D-B29A-AD99B6061A9B}.Release|Any CPU.Build.0 = Release|Any CPU
		{65BE29A8-C246-4F4E-BAF7-B5DB00083310}.Debug|Any CPU.ActiveCfg = Debug|Any CPU
		{65BE29A8-C246-4F4E-BAF7-B5DB00083310}.Debug|Any CPU.Build.0 = Debug|Any CPU
		{65BE29A8-C246-4F4E-BAF7-B5DB00083310}.Release|Any CPU.ActiveCfg = Release|Any CPU
		{65BE29A8-C246-4F4E-BAF7-B5DB00083310}.Release|Any CPU.Build.0 = Release|Any CPU
		{931D44ED-E40C-49BA-AD3F-2F9CA926DB75}.Debug|Any CPU.ActiveCfg = Debug|Any CPU
		{931D44ED-E40C-49BA-AD3F-2F9CA926DB75}.Debug|Any CPU.Build.0 = Debug|Any CPU
		{931D44ED-E40C-49BA-AD3F-2F9CA926DB75}.Release|Any CPU.ActiveCfg = Release|Any CPU
		{931D44ED-E40C-49BA-AD3F-2F9CA926DB75}.Release|Any CPU.Build.0 = Release|Any CPU
		{87271EAB-A365-4393-8266-DB7246EDB84D}.Debug|Any CPU.ActiveCfg = Debug|Any CPU
		{87271EAB-A365-4393-8266-DB7246EDB84D}.Debug|Any CPU.Build.0 = Debug|Any CPU
		{87271EAB-A365-4393-8266-DB7246EDB84D}.Release|Any CPU.ActiveCfg = Release|Any CPU
		{87271EAB-A365-4393-8266-DB7246EDB84D}.Release|Any CPU.Build.0 = Release|Any CPU
		{02E95547-EE63-4BCF-92DD-1AB30AA95452}.Debug|Any CPU.ActiveCfg = Debug|Any CPU
		{02E95547-EE63-4BCF-92DD-1AB30AA95452}.Debug|Any CPU.Build.0 = Debug|Any CPU
		{02E95547-EE63-4BCF-92DD-1AB30AA95452}.Release|Any CPU.ActiveCfg = Release|Any CPU
		{02E95547-EE63-4BCF-92DD-1AB30AA95452}.Release|Any CPU.Build.0 = Release|Any CPU
	EndGlobalSection
	GlobalSection(SolutionProperties) = preSolution
		HideSolutionNode = FALSE
	EndGlobalSection
	GlobalSection(ExtensibilityGlobals) = postSolution
		SolutionGuid = {BDEDC530-A3C2-4847-8FBD-27C2CA0DA21E}
	EndGlobalSection
EndGlobal
